PODS:
  - CleverTap-iOS-SDK (4.1.2):
    - SDWebImage (~> 5.1)
  - CTNotificationContent (0.2.1)
  - CTNotificationService (0.1.5)
  - SDWebImage (5.13.4):
    - SDWebImage/Core (= 5.13.4)
  - SDWebImage/Core (5.13.4)

DEPENDENCIES:
  - CleverTap-iOS-SDK
  - CTNotificationContent
  - CTNotificationService

SPEC REPOS:
  trunk:
    - CleverTap-iOS-SDK
    - CTNotificationContent
    - CTNotificationService
    - SDWebImage

SPEC CHECKSUMS:
  CleverTap-iOS-SDK: edae0f34d6478c85e864256f5a06051687029aa3
  CTNotificationContent: 887d502727071a21bcae1c7ace7b79014d61a45b
  CTNotificationService: 844eb0cf5a6260b76e05420dde49312b72c5ad7c
  SDWebImage: e5cc87bf736e60f49592f307bdf9e157189298a3

PODFILE CHECKSUM: 47c2a3fdb570bbae3ee0ce697cf74e29c19d2937

COCOAPODS: 1.10.2
